
Microsoft Visual Studio Solution File, Format Version 12.00
# Visual Studio 2013
VisualStudioVersion = 12.0.30723.0
MinimumVisualStudioVersion = 10.0.40219.1
Project("{FAE04EC0-301F-11D3-BF4B-00C04F79EFBC}") = "Problem 1. StringBuilder.Substring", "Problem 1. StringBuilder.Substring\Problem 1. StringBuilder.Substring.csproj", "{F1BB7509-2B11-494E-A3F9-9D2448CC920D}"
EndProject
Project("{FAE04EC0-301F-11D3-BF4B-00C04F79EFBC}") = "Problem 2. IEnumerable extensions", "Problem 2. IEnumerable extensions\Problem 2. IEnumerable extensions.csproj", "{60F92CBD-6E58-49E7-ABF8-42271DC69C73}"
EndProject
Project("{FAE04EC0-301F-11D3-BF4B-00C04F79EFBC}") = "Problem 3. First before last", "Problem 3. First before last\Problem 3. First before last.csproj", "{5CA47572-7FA9-43F9-9014-36678F1C7DF4}"
EndProject
Project("{FAE04EC0-301F-11D3-BF4B-00C04F79EFBC}") = "Problem 4. Age range", "Problem 4. Age range\Problem 4. Age range.csproj", "{15C2B422-8F04-45D8-962B-E3A3CE1017E6}"
EndProject
Project("{FAE04EC0-301F-11D3-BF4B-00C04F79EFBC}") = "Problem 5. Order students", "Problem 5. Order students\Problem 5. Order students.csproj", "{537EE6BE-5DA5-45EA-B6E1-D990AE9BC497}"
EndProject
Project("{FAE04EC0-301F-11D3-BF4B-00C04F79EFBC}") = "Problem 6. Divisible by 7 and 3", "Problem 6. Divisible by 7 and 3\Problem 6. Divisible by 7 and 3.csproj", "{27A84E69-DDA4-4249-8581-4006145E40FE}"
EndProject
Project("{FAE04EC0-301F-11D3-BF4B-00C04F79EFBC}") = "Problem 7. Timer", "Problem 7. Timer\Problem 7. Timer.csproj", "{4AD39F1F-319E-4003-A882-3A9610117305}"
EndProject
Project("{FAE04EC0-301F-11D3-BF4B-00C04F79EFBC}") = "Problem 9-16. Student groups", "Problem 9. Student groups\Problem 9-16. Student groups.csproj", "{20FA154F-45B7-4975-AB37-26E70D4EDE18}"
EndProject
Project("{FAE04EC0-301F-11D3-BF4B-00C04F79EFBC}") = "Problem 17. Longest string", "Problem 17. Longest string\Problem 17. Longest string.csproj", "{0C295458-56EE-40AD-981E-8AFA80217724}"
EndProject
Project("{FAE04EC0-301F-11D3-BF4B-00C04F79EFBC}") = "Problem 18.-19", "Problem 18. Grouped by GroupNumber\Problem 18.-19.csproj", "{F2151D6A-366A-4A03-B927-7DC958F319FC}"
EndProject
Global
	GlobalSection(SolutionConfigurationPlatforms) = preSolution
		Debug|Any CPU = Debug|Any CPU
		Release|Any CPU = Release|Any CPU
	EndGlobalSection
	GlobalSection(ProjectConfigurationPlatforms) = postSolution
		{F1BB7509-2B11-494E-A3F9-9D2448CC920D}.Debug|Any CPU.ActiveCfg = Debug|Any CPU
		{F1BB7509-2B11-494E-A3F9-9D2448CC920D}.Debug|Any CPU.Build.0 = Debug|Any CPU
		{F1BB7509-2B11-494E-A3F9-9D2448CC920D}.Release|Any CPU.ActiveCfg = Release|Any CPU
		{F1BB7509-2B11-494E-A3F9-9D2448CC920D}.Release|Any CPU.Build.0 = Release|Any CPU
		{60F92CBD-6E58-49E7-ABF8-42271DC69C73}.Debug|Any CPU.ActiveCfg = Debug|Any CPU
		{60F92CBD-6E58-49E7-ABF8-42271DC69C73}.Debug|Any CPU.Build.0 = Debug|Any CPU
		{60F92CBD-6E58-49E7-ABF8-42271DC69C73}.Release|Any CPU.ActiveCfg = Release|Any CPU
		{60F92CBD-6E58-49E7-ABF8-42271DC69C73}.Release|Any CPU.Build.0 = Release|Any CPU
		{5CA47572-7FA9-43F9-9014-36678F1C7DF4}.Debug|Any CPU.ActiveCfg = Debug|Any CPU
		{5CA47572-7FA9-43F9-9014-36678F1C7DF4}.Debug|Any CPU.Build.0 = Debug|Any CPU
		{5CA47572-7FA9-43F9-9014-36678F1C7DF4}.Release|Any CPU.ActiveCfg = Release|Any CPU
		{5CA47572-7FA9-43F9-9014-36678F1C7DF4}.Release|Any CPU.Build.0 = Release|Any CPU
		{15C2B422-8F04-45D8-962B-E3A3CE1017E6}.Debug|Any CPU.ActiveCfg = Debug|Any CPU
		{15C2B422-8F04-45D8-962B-E3A3CE1017E6}.Debug|Any CPU.Build.0 = Debug|Any CPU
		{15C2B422-8F04-45D8-962B-E3A3CE1017E6}.Release|Any CPU.ActiveCfg = Release|Any CPU
		{15C2B422-8F04-45D8-962B-E3A3CE1017E6}.Release|Any CPU.Build.0 = Release|Any CPU
		{537EE6BE-5DA5-45EA-B6E1-D990AE9BC497}.Debug|Any CPU.ActiveCfg = Debug|Any CPU
		{537EE6BE-5DA5-45EA-B6E1-D990AE9BC497}.Debug|Any CPU.Build.0 = Debug|Any CPU
		{537EE6BE-5DA5-45EA-B6E1-D990AE9BC497}.Release|Any CPU.ActiveCfg = Release|Any CPU
		{537EE6BE-5DA5-45EA-B6E1-D990AE9BC497}.Release|Any CPU.Build.0 = Release|Any CPU
		{27A84E69-DDA4-4249-8581-4006145E40FE}.Debug|Any CPU.ActiveCfg = Debug|Any CPU
		{27A84E69-DDA4-4249-8581-4006145E40FE}.Debug|Any CPU.Build.0 = Debug|Any CPU
		{27A84E69-DDA4-4249-8581-4006145E40FE}.Release|Any CPU.ActiveCfg = Release|Any CPU
		{27A84E69-DDA4-4249-8581-4006145E40FE}.Release|Any CPU.Build.0 = Release|Any CPU
		{4AD39F1F-319E-4003-A882-3A9610117305}.Debug|Any CPU.ActiveCfg = Debug|Any CPU
		{4AD39F1F-319E-4003-A882-3A9610117305}.Debug|Any CPU.Build.0 = Debug|Any CPU
		{4AD39F1F-319E-4003-A882-3A9610117305}.Release|Any CPU.ActiveCfg = Release|Any CPU
		{4AD39F1F-319E-4003-A882-3A9610117305}.Release|Any CPU.Build.0 = Release|Any CPU
		{20FA154F-45B7-4975-AB37-26E70D4EDE18}.Debug|Any CPU.ActiveCfg = Debug|Any CPU
		{20FA154F-45B7-4975-AB37-26E70D4EDE18}.Debug|Any CPU.Build.0 = Debug|Any CPU
		{20FA154F-45B7-4975-AB37-26E70D4EDE18}.Release|Any CPU.ActiveCfg = Release|Any CPU
		{20FA154F-45B7-4975-AB37-26E70D4EDE18}.Release|Any CPU.Build.0 = Release|Any CPU
		{0C295458-56EE-40AD-981E-8AFA80217724}.Debug|Any CPU.ActiveCfg = Debug|Any CPU
		{0C295458-56EE-40AD-981E-8AFA80217724}.Debug|Any CPU.Build.0 = Debug|Any CPU
		{0C295458-56EE-40AD-981E-8AFA80217724}.Release|Any CPU.ActiveCfg = Release|Any CPU
		{0C295458-56EE-40AD-981E-8AFA80217724}.Release|Any CPU.Build.0 = Release|Any CPU
		{F2151D6A-366A-4A03-B927-7DC958F319FC}.Debug|Any CPU.ActiveCfg = Debug|Any CPU
		{F2151D6A-366A-4A03-B927-7DC958F319FC}.Debug|Any CPU.Build.0 = Debug|Any CPU
		{F2151D6A-366A-4A03-B927-7DC958F319FC}.Release|Any CPU.ActiveCfg = Release|Any CPU
		{F2151D6A-366A-4A03-B927-7DC958F319FC}.Release|Any CPU.Build.0 = Release|Any CPU
	EndGlobalSection
	GlobalSection(SolutionProperties) = preSolution
		HideSolutionNode = FALSE
	EndGlobalSection
EndGlobal
