
Microsoft Visual Studio Solution File, Format Version 12.00
# Visual Studio 2013
VisualStudioVersion = 12.0.30723.0
MinimumVisualStudioVersion = 10.0.40219.1
Project("{FAE04EC0-301F-11D3-BF4B-00C04F79EFBC}") = "01. Shapes", "01. Shapes\01. Shapes.csproj", "{0AF81100-1C42-482F-9D95-C52F0D7ABA7B}"
EndProject
Project("{FAE04EC0-301F-11D3-BF4B-00C04F79EFBC}") = "02. Bank accounts", "02. Bank accounts\02. Bank accounts.csproj", "{52EB6A2C-DC2B-4B30-B6E2-13FE3B74F446}"
EndProject
Project("{FAE04EC0-301F-11D3-BF4B-00C04F79EFBC}") = "03. Range Exceptions", "03. Range Exceptions\03. Range Exceptions.csproj", "{733B9B65-D8E7-475B-843C-C244916E92AA}"
EndProject
Global
	GlobalSection(SolutionConfigurationPlatforms) = preSolution
		Debug|Any CPU = Debug|Any CPU
		Release|Any CPU = Release|Any CPU
	EndGlobalSection
	GlobalSection(ProjectConfigurationPlatforms) = postSolution
		{0AF81100-1C42-482F-9D95-C52F0D7ABA7B}.Debug|Any CPU.ActiveCfg = Debug|Any CPU
		{0AF81100-1C42-482F-9D95-C52F0D7ABA7B}.Debug|Any CPU.Build.0 = Debug|Any CPU
		{0AF81100-1C42-482F-9D95-C52F0D7ABA7B}.Release|Any CPU.ActiveCfg = Release|Any CPU
		{0AF81100-1C42-482F-9D95-C52F0D7ABA7B}.Release|Any CPU.Build.0 = Release|Any CPU
		{52EB6A2C-DC2B-4B30-B6E2-13FE3B74F446}.Debug|Any CPU.ActiveCfg = Debug|Any CPU
		{52EB6A2C-DC2B-4B30-B6E2-13FE3B74F446}.Debug|Any CPU.Build.0 = Debug|Any CPU
		{52EB6A2C-DC2B-4B30-B6E2-13FE3B74F446}.Release|Any CPU.ActiveCfg = Release|Any CPU
		{52EB6A2C-DC2B-4B30-B6E2-13FE3B74F446}.Release|Any CPU.Build.0 = Release|Any CPU
		{733B9B65-D8E7-475B-843C-C244916E92AA}.Debug|Any CPU.ActiveCfg = Debug|Any CPU
		{733B9B65-D8E7-475B-843C-C244916E92AA}.Debug|Any CPU.Build.0 = Debug|Any CPU
		{733B9B65-D8E7-475B-843C-C244916E92AA}.Release|Any CPU.ActiveCfg = Release|Any CPU
		{733B9B65-D8E7-475B-843C-C244916E92AA}.Release|Any CPU.Build.0 = Release|Any CPU
	EndGlobalSection
	GlobalSection(SolutionProperties) = preSolution
		HideSolutionNode = FALSE
	EndGlobalSection
EndGlobal
