
Microsoft Visual Studio Solution File, Format Version 12.00
# Visual Studio 2013
VisualStudioVersion = 12.0.30723.0
MinimumVisualStudioVersion = 10.0.40219.1
Project("{FAE04EC0-301F-11D3-BF4B-00C04F79EFBC}") = "firstTask", "firstTask\firstTask.csproj", "{F35A4D67-EA75-46F1-BA1E-7ACEE9A6ABDB}"
EndProject
Project("{FAE04EC0-301F-11D3-BF4B-00C04F79EFBC}") = "task2", "task2\task2.csproj", "{0E1A57CE-5EAB-4696-8182-BA7D823D12C6}"
EndProject
Project("{FAE04EC0-301F-11D3-BF4B-00C04F79EFBC}") = "task3", "task3\task3.csproj", "{D6012085-3892-44BE-ACA4-2D187FF7B71E}"
EndProject
Global
	GlobalSection(SolutionConfigurationPlatforms) = preSolution
		Debug|Any CPU = Debug|Any CPU
		Release|Any CPU = Release|Any CPU
	EndGlobalSection
	GlobalSection(ProjectConfigurationPlatforms) = postSolution
		{F35A4D67-EA75-46F1-BA1E-7ACEE9A6ABDB}.Debug|Any CPU.ActiveCfg = Debug|Any CPU
		{F35A4D67-EA75-46F1-BA1E-7ACEE9A6ABDB}.Debug|Any CPU.Build.0 = Debug|Any CPU
		{F35A4D67-EA75-46F1-BA1E-7ACEE9A6ABDB}.Release|Any CPU.ActiveCfg = Release|Any CPU
		{F35A4D67-EA75-46F1-BA1E-7ACEE9A6ABDB}.Release|Any CPU.Build.0 = Release|Any CPU
		{0E1A57CE-5EAB-4696-8182-BA7D823D12C6}.Debug|Any CPU.ActiveCfg = Debug|Any CPU
		{0E1A57CE-5EAB-4696-8182-BA7D823D12C6}.Debug|Any CPU.Build.0 = Debug|Any CPU
		{0E1A57CE-5EAB-4696-8182-BA7D823D12C6}.Release|Any CPU.ActiveCfg = Release|Any CPU
		{0E1A57CE-5EAB-4696-8182-BA7D823D12C6}.Release|Any CPU.Build.0 = Release|Any CPU
		{D6012085-3892-44BE-ACA4-2D187FF7B71E}.Debug|Any CPU.ActiveCfg = Debug|Any CPU
		{D6012085-3892-44BE-ACA4-2D187FF7B71E}.Debug|Any CPU.Build.0 = Debug|Any CPU
		{D6012085-3892-44BE-ACA4-2D187FF7B71E}.Release|Any CPU.ActiveCfg = Release|Any CPU
		{D6012085-3892-44BE-ACA4-2D187FF7B71E}.Release|Any CPU.Build.0 = Release|Any CPU
	EndGlobalSection
	GlobalSection(SolutionProperties) = preSolution
		HideSolutionNode = FALSE
	EndGlobalSection
EndGlobal
